
Microsoft Visual Studio Solution File, Format Version 12.00
# Visual Studio Version 16
VisualStudioVersion = 16.0.32228.343
MinimumVisualStudioVersion = 10.0.40219.1
Project("{FAE04EC0-301F-11D3-BF4B-00C04F79EFBC}") = "Module10FinalTask", "Module10FinalTask\Module10FinalTask.csproj", "{AF640973-469A-48AD-8F7F-4F8A8E3A19DD}"
EndProject
Project("{FAE04EC0-301F-11D3-BF4B-00C04F79EFBC}") = "Task2", "Task2\Task2.csproj", "{F675119A-188B-44F1-A18B-F30CDA7D281E}"
EndProject
Global
	GlobalSection(SolutionConfigurationPlatforms) = preSolution
		Debug|Any CPU = Debug|Any CPU
		Release|Any CPU = Release|Any CPU
	EndGlobalSection
	GlobalSection(ProjectConfigurationPlatforms) = postSolution
		{AF640973-469A-48AD-8F7F-4F8A8E3A19DD}.Debug|Any CPU.ActiveCfg = Debug|Any CPU
		{AF640973-469A-48AD-8F7F-4F8A8E3A19DD}.Debug|Any CPU.Build.0 = Debug|Any CPU
		{AF640973-469A-48AD-8F7F-4F8A8E3A19DD}.Release|Any CPU.ActiveCfg = Release|Any CPU
		{AF640973-469A-48AD-8F7F-4F8A8E3A19DD}.Release|Any CPU.Build.0 = Release|Any CPU
		{F675119A-188B-44F1-A18B-F30CDA7D281E}.Debug|Any CPU.ActiveCfg = Debug|Any CPU
		{F675119A-188B-44F1-A18B-F30CDA7D281E}.Debug|Any CPU.Build.0 = Debug|Any CPU
		{F675119A-188B-44F1-A18B-F30CDA7D281E}.Release|Any CPU.ActiveCfg = Release|Any CPU
		{F675119A-188B-44F1-A18B-F30CDA7D281E}.Release|Any CPU.Build.0 = Release|Any CPU
	EndGlobalSection
	GlobalSection(SolutionProperties) = preSolution
		HideSolutionNode = FALSE
	EndGlobalSection
	GlobalSection(ExtensibilityGlobals) = postSolution
		SolutionGuid = {14BB4DAA-602A-42D0-80C3-69E8D0FC1039}
	EndGlobalSection
EndGlobal
